// !$*UTF8*$!
{
	archiveVersion = 1;
	classes = {
	};
	objectVersion = 56;
	objects = {

/* Begin PBXBuildFile section */
		E309125D2AFE8CD900019437 /* MealView.swift in Sources */ = {isa = PBXBuildFile; fileRef = E309125C2AFE8CD900019437 /* MealView.swift */; };
		E309125F2AFE903A00019437 /* MealUseCase.swift in Sources */ = {isa = PBXBuildFile; fileRef = E309125E2AFE903A00019437 /* MealUseCase.swift */; };
		E30912612AFE90EA00019437 /* Meal.swift in Sources */ = {isa = PBXBuildFile; fileRef = E30912602AFE90EA00019437 /* Meal.swift */; };
		E30912642AFE918800019437 /* NetworkService.swift in Sources */ = {isa = PBXBuildFile; fileRef = E30912632AFE918800019437 /* NetworkService.swift */; };
		E30912662AFE920E00019437 /* Endpoint.swift in Sources */ = {isa = PBXBuildFile; fileRef = E30912652AFE920E00019437 /* Endpoint.swift */; };
		E30912692AFE929500019437 /* Alamofire in Frameworks */ = {isa = PBXBuildFile; productRef = E30912682AFE929500019437 /* Alamofire */; };
		E34653D32AFD289600C4AC3C /* KeychainLocalStorage.swift in Sources */ = {isa = PBXBuildFile; fileRef = E34653D22AFD289600C4AC3C /* KeychainLocalStorage.swift */; };
		E34653DF2AFDB84400C4AC3C /* String+Base64.swift in Sources */ = {isa = PBXBuildFile; fileRef = E34653DE2AFDB84400C4AC3C /* String+Base64.swift */; };
		E34653E12AFDB95700C4AC3C /* AuthError.swift in Sources */ = {isa = PBXBuildFile; fileRef = E34653E02AFDB95700C4AC3C /* AuthError.swift */; };
		E3851EDE2AFD0F0900893C13 /* MealyApp.swift in Sources */ = {isa = PBXBuildFile; fileRef = E3851EDD2AFD0F0900893C13 /* MealyApp.swift */; };
		E3851EE22AFD0F0B00893C13 /* Assets.xcassets in Resources */ = {isa = PBXBuildFile; fileRef = E3851EE12AFD0F0B00893C13 /* Assets.xcassets */; };
		E3851EE52AFD0F0B00893C13 /* Preview Assets.xcassets in Resources */ = {isa = PBXBuildFile; fileRef = E3851EE42AFD0F0B00893C13 /* Preview Assets.xcassets */; };
		E3851EEF2AFD0F0B00893C13 /* MealyTests.swift in Sources */ = {isa = PBXBuildFile; fileRef = E3851EEE2AFD0F0B00893C13 /* MealyTests.swift */; };
		E3851EF92AFD0F0B00893C13 /* MealyUITests.swift in Sources */ = {isa = PBXBuildFile; fileRef = E3851EF82AFD0F0B00893C13 /* MealyUITests.swift */; };
		E3851EFB2AFD0F0B00893C13 /* MealyUITestsLaunchTests.swift in Sources */ = {isa = PBXBuildFile; fileRef = E3851EFA2AFD0F0B00893C13 /* MealyUITestsLaunchTests.swift */; };
		E3851F0C2AFD119300893C13 /* AuthView.swift in Sources */ = {isa = PBXBuildFile; fileRef = E3851F0B2AFD119300893C13 /* AuthView.swift */; };
		E3851F0E2AFD175D00893C13 /* AuthViewModel.swift in Sources */ = {isa = PBXBuildFile; fileRef = E3851F0D2AFD175D00893C13 /* AuthViewModel.swift */; };
		E3851F102AFD1D6C00893C13 /* AuthUseCase.swift in Sources */ = {isa = PBXBuildFile; fileRef = E3851F0F2AFD1D6C00893C13 /* AuthUseCase.swift */; };
		E3851F122AFD1F1500893C13 /* LocalStorage.swift in Sources */ = {isa = PBXBuildFile; fileRef = E3851F112AFD1F1500893C13 /* LocalStorage.swift */; };
		E3851F142AFD20B500893C13 /* AuthModel.swift in Sources */ = {isa = PBXBuildFile; fileRef = E3851F132AFD20B500893C13 /* AuthModel.swift */; };
/* End PBXBuildFile section */

/* Begin PBXContainerItemProxy section */
		E3851EEB2AFD0F0B00893C13 /* PBXContainerItemProxy */ = {
			isa = PBXContainerItemProxy;
			containerPortal = E3851ED22AFD0F0900893C13 /* Project object */;
			proxyType = 1;
			remoteGlobalIDString = E3851ED92AFD0F0900893C13;
			remoteInfo = Mealy;
		};
		E3851EF52AFD0F0B00893C13 /* PBXContainerItemProxy */ = {
			isa = PBXContainerItemProxy;
			containerPortal = E3851ED22AFD0F0900893C13 /* Project object */;
			proxyType = 1;
			remoteGlobalIDString = E3851ED92AFD0F0900893C13;
			remoteInfo = Mealy;
		};
/* End PBXContainerItemProxy section */

/* Begin PBXFileReference section */
		E309125C2AFE8CD900019437 /* MealView.swift */ = {isa = PBXFileReference; lastKnownFileType = sourcecode.swift; path = MealView.swift; sourceTree = "<group>"; };
		E309125E2AFE903A00019437 /* MealUseCase.swift */ = {isa = PBXFileReference; lastKnownFileType = sourcecode.swift; path = MealUseCase.swift; sourceTree = "<group>"; };
		E30912602AFE90EA00019437 /* Meal.swift */ = {isa = PBXFileReference; lastKnownFileType = sourcecode.swift; path = Meal.swift; sourceTree = "<group>"; };
		E30912632AFE918800019437 /* NetworkService.swift */ = {isa = PBXFileReference; lastKnownFileType = sourcecode.swift; path = NetworkService.swift; sourceTree = "<group>"; };
		E30912652AFE920E00019437 /* Endpoint.swift */ = {isa = PBXFileReference; lastKnownFileType = sourcecode.swift; path = Endpoint.swift; sourceTree = "<group>"; };
		E34653D22AFD289600C4AC3C /* KeychainLocalStorage.swift */ = {isa = PBXFileReference; lastKnownFileType = sourcecode.swift; path = KeychainLocalStorage.swift; sourceTree = "<group>"; };
		E34653DE2AFDB84400C4AC3C /* String+Base64.swift */ = {isa = PBXFileReference; lastKnownFileType = sourcecode.swift; path = "String+Base64.swift"; sourceTree = "<group>"; };
		E34653E02AFDB95700C4AC3C /* AuthError.swift */ = {isa = PBXFileReference; lastKnownFileType = sourcecode.swift; path = AuthError.swift; sourceTree = "<group>"; };
		E3851EDA2AFD0F0900893C13 /* Mealy.app */ = {isa = PBXFileReference; explicitFileType = wrapper.application; includeInIndex = 0; path = Mealy.app; sourceTree = BUILT_PRODUCTS_DIR; };
		E3851EDD2AFD0F0900893C13 /* MealyApp.swift */ = {isa = PBXFileReference; lastKnownFileType = sourcecode.swift; path = MealyApp.swift; sourceTree = "<group>"; };
		E3851EE12AFD0F0B00893C13 /* Assets.xcassets */ = {isa = PBXFileReference; lastKnownFileType = folder.assetcatalog; path = Assets.xcassets; sourceTree = "<group>"; };
		E3851EE42AFD0F0B00893C13 /* Preview Assets.xcassets */ = {isa = PBXFileReference; lastKnownFileType = folder.assetcatalog; path = "Preview Assets.xcassets"; sourceTree = "<group>"; };
		E3851EEA2AFD0F0B00893C13 /* MealyTests.xctest */ = {isa = PBXFileReference; explicitFileType = wrapper.cfbundle; includeInIndex = 0; path = MealyTests.xctest; sourceTree = BUILT_PRODUCTS_DIR; };
		E3851EEE2AFD0F0B00893C13 /* MealyTests.swift */ = {isa = PBXFileReference; lastKnownFileType = sourcecode.swift; path = MealyTests.swift; sourceTree = "<group>"; };
		E3851EF42AFD0F0B00893C13 /* MealyUITests.xctest */ = {isa = PBXFileReference; explicitFileType = wrapper.cfbundle; includeInIndex = 0; path = MealyUITests.xctest; sourceTree = BUILT_PRODUCTS_DIR; };
		E3851EF82AFD0F0B00893C13 /* MealyUITests.swift */ = {isa = PBXFileReference; lastKnownFileType = sourcecode.swift; path = MealyUITests.swift; sourceTree = "<group>"; };
		E3851EFA2AFD0F0B00893C13 /* MealyUITestsLaunchTests.swift */ = {isa = PBXFileReference; lastKnownFileType = sourcecode.swift; path = MealyUITestsLaunchTests.swift; sourceTree = "<group>"; };
		E3851F0B2AFD119300893C13 /* AuthView.swift */ = {isa = PBXFileReference; lastKnownFileType = sourcecode.swift; path = AuthView.swift; sourceTree = "<group>"; };
		E3851F0D2AFD175D00893C13 /* AuthViewModel.swift */ = {isa = PBXFileReference; lastKnownFileType = sourcecode.swift; path = AuthViewModel.swift; sourceTree = "<group>"; };
		E3851F0F2AFD1D6C00893C13 /* AuthUseCase.swift */ = {isa = PBXFileReference; lastKnownFileType = sourcecode.swift; path = AuthUseCase.swift; sourceTree = "<group>"; };
		E3851F112AFD1F1500893C13 /* LocalStorage.swift */ = {isa = PBXFileReference; lastKnownFileType = sourcecode.swift; path = LocalStorage.swift; sourceTree = "<group>"; };
		E3851F132AFD20B500893C13 /* AuthModel.swift */ = {isa = PBXFileReference; lastKnownFileType = sourcecode.swift; path = AuthModel.swift; sourceTree = "<group>"; };
/* End PBXFileReference section */

/* Begin PBXFrameworksBuildPhase section */
		E3851ED72AFD0F0900893C13 /* Frameworks */ = {
			isa = PBXFrameworksBuildPhase;
			buildActionMask = 2147483647;
			files = (
				E30912692AFE929500019437 /* Alamofire in Frameworks */,
			);
			runOnlyForDeploymentPostprocessing = 0;
		};
		E3851EE72AFD0F0B00893C13 /* Frameworks */ = {
			isa = PBXFrameworksBuildPhase;
			buildActionMask = 2147483647;
			files = (
			);
			runOnlyForDeploymentPostprocessing = 0;
		};
		E3851EF12AFD0F0B00893C13 /* Frameworks */ = {
			isa = PBXFrameworksBuildPhase;
			buildActionMask = 2147483647;
			files = (
			);
			runOnlyForDeploymentPostprocessing = 0;
		};
/* End PBXFrameworksBuildPhase section */

/* Begin PBXGroup section */
		E309125A2AFE8CBA00019437 /* Meal */ = {
			isa = PBXGroup;
			children = (
				E309125B2AFE8CCB00019437 /* Domain */,
				E309125C2AFE8CD900019437 /* MealView.swift */,
			);
			path = Meal;
			sourceTree = "<group>";
		};
		E309125B2AFE8CCB00019437 /* Domain */ = {
			isa = PBXGroup;
			children = (
				E309125E2AFE903A00019437 /* MealUseCase.swift */,
				E30912602AFE90EA00019437 /* Meal.swift */,
			);
			path = Domain;
			sourceTree = "<group>";
		};
		E30912622AFE917900019437 /* NetworkService */ = {
			isa = PBXGroup;
			children = (
				E30912632AFE918800019437 /* NetworkService.swift */,
				E30912652AFE920E00019437 /* Endpoint.swift */,
			);
			path = NetworkService;
			sourceTree = "<group>";
		};
		E34653D42AFD2EA700C4AC3C /* Domain */ = {
			isa = PBXGroup;
			children = (
				E3851F0F2AFD1D6C00893C13 /* AuthUseCase.swift */,
				E3851F132AFD20B500893C13 /* AuthModel.swift */,
				E34653E02AFDB95700C4AC3C /* AuthError.swift */,
			);
			path = Domain;
			sourceTree = "<group>";
		};
		E34653D52AFD2EB200C4AC3C /* Infrastructure */ = {
			isa = PBXGroup;
			children = (
				E30912622AFE917900019437 /* NetworkService */,
				E34653D62AFD2EB900C4AC3C /* LocalStorage */,
			);
			path = Infrastructure;
			sourceTree = "<group>";
		};
		E34653D62AFD2EB900C4AC3C /* LocalStorage */ = {
			isa = PBXGroup;
			children = (
				E3851F112AFD1F1500893C13 /* LocalStorage.swift */,
				E34653D22AFD289600C4AC3C /* KeychainLocalStorage.swift */,
			);
			path = LocalStorage;
			sourceTree = "<group>";
		};
		E34653DB2AFD2F2700C4AC3C /* ViewModel */ = {
			isa = PBXGroup;
			children = (
				E3851F0D2AFD175D00893C13 /* AuthViewModel.swift */,
			);
			path = ViewModel;
			sourceTree = "<group>";
		};
		E34653DC2AFD2F3800C4AC3C /* View */ = {
			isa = PBXGroup;
			children = (
				E3851F0B2AFD119300893C13 /* AuthView.swift */,
			);
			path = View;
			sourceTree = "<group>";
		};
		E34653DD2AFDB83400C4AC3C /* Utility */ = {
			isa = PBXGroup;
			children = (
				E34653DE2AFDB84400C4AC3C /* String+Base64.swift */,
			);
			path = Utility;
			sourceTree = "<group>";
		};
		E3851ED12AFD0F0900893C13 = {
			isa = PBXGroup;
			children = (
				E3851EDC2AFD0F0900893C13 /* Mealy */,
				E3851EED2AFD0F0B00893C13 /* MealyTests */,
				E3851EF72AFD0F0B00893C13 /* MealyUITests */,
				E3851EDB2AFD0F0900893C13 /* Products */,
			);
			sourceTree = "<group>";
		};
		E3851EDB2AFD0F0900893C13 /* Products */ = {
			isa = PBXGroup;
			children = (
				E3851EDA2AFD0F0900893C13 /* Mealy.app */,
				E3851EEA2AFD0F0B00893C13 /* MealyTests.xctest */,
				E3851EF42AFD0F0B00893C13 /* MealyUITests.xctest */,
			);
			name = Products;
			sourceTree = "<group>";
		};
		E3851EDC2AFD0F0900893C13 /* Mealy */ = {
			isa = PBXGroup;
			children = (
				E309125A2AFE8CBA00019437 /* Meal */,
				E34653DD2AFDB83400C4AC3C /* Utility */,
				E34653D52AFD2EB200C4AC3C /* Infrastructure */,
				E3851F082AFD116500893C13 /* Authentication */,
				E3851EDD2AFD0F0900893C13 /* MealyApp.swift */,
				E3851F072AFD114F00893C13 /* SupportingFiles */,
			);
			path = Mealy;
			sourceTree = "<group>";
		};
		E3851EE32AFD0F0B00893C13 /* Preview Content */ = {
			isa = PBXGroup;
			children = (
				E3851EE42AFD0F0B00893C13 /* Preview Assets.xcassets */,
			);
			path = "Preview Content";
			sourceTree = "<group>";
		};
		E3851EED2AFD0F0B00893C13 /* MealyTests */ = {
			isa = PBXGroup;
			children = (
				E3851EEE2AFD0F0B00893C13 /* MealyTests.swift */,
			);
			path = MealyTests;
			sourceTree = "<group>";
		};
		E3851EF72AFD0F0B00893C13 /* MealyUITests */ = {
			isa = PBXGroup;
			children = (
				E3851EF82AFD0F0B00893C13 /* MealyUITests.swift */,
				E3851EFA2AFD0F0B00893C13 /* MealyUITestsLaunchTests.swift */,
			);
			path = MealyUITests;
			sourceTree = "<group>";
		};
		E3851F072AFD114F00893C13 /* SupportingFiles */ = {
			isa = PBXGroup;
			children = (
				E3851EE12AFD0F0B00893C13 /* Assets.xcassets */,
				E3851EE32AFD0F0B00893C13 /* Preview Content */,
			);
			path = SupportingFiles;
			sourceTree = "<group>";
		};
		E3851F082AFD116500893C13 /* Authentication */ = {
			isa = PBXGroup;
			children = (
				E34653DC2AFD2F3800C4AC3C /* View */,
				E34653DB2AFD2F2700C4AC3C /* ViewModel */,
				E34653D42AFD2EA700C4AC3C /* Domain */,
			);
			path = Authentication;
			sourceTree = "<group>";
		};
/* End PBXGroup section */

/* Begin PBXNativeTarget section */
		E3851ED92AFD0F0900893C13 /* Mealy */ = {
			isa = PBXNativeTarget;
			buildConfigurationList = E3851EFE2AFD0F0B00893C13 /* Build configuration list for PBXNativeTarget "Mealy" */;
			buildPhases = (
				E3851ED62AFD0F0900893C13 /* Sources */,
				E3851ED72AFD0F0900893C13 /* Frameworks */,
				E3851ED82AFD0F0900893C13 /* Resources */,
			);
			buildRules = (
			);
			dependencies = (
			);
			name = Mealy;
			packageProductDependencies = (
				E30912682AFE929500019437 /* Alamofire */,
			);
			productName = Mealy;
			productReference = E3851EDA2AFD0F0900893C13 /* Mealy.app */;
			productType = "com.apple.product-type.application";
		};
		E3851EE92AFD0F0B00893C13 /* MealyTests */ = {
			isa = PBXNativeTarget;
			buildConfigurationList = E3851F012AFD0F0B00893C13 /* Build configuration list for PBXNativeTarget "MealyTests" */;
			buildPhases = (
				E3851EE62AFD0F0B00893C13 /* Sources */,
				E3851EE72AFD0F0B00893C13 /* Frameworks */,
				E3851EE82AFD0F0B00893C13 /* Resources */,
			);
			buildRules = (
			);
			dependencies = (
				E3851EEC2AFD0F0B00893C13 /* PBXTargetDependency */,
			);
			name = MealyTests;
			productName = MealyTests;
			productReference = E3851EEA2AFD0F0B00893C13 /* MealyTests.xctest */;
			productType = "com.apple.product-type.bundle.unit-test";
		};
		E3851EF32AFD0F0B00893C13 /* MealyUITests */ = {
			isa = PBXNativeTarget;
			buildConfigurationList = E3851F042AFD0F0B00893C13 /* Build configuration list for PBXNativeTarget "MealyUITests" */;
			buildPhases = (
				E3851EF02AFD0F0B00893C13 /* Sources */,
				E3851EF12AFD0F0B00893C13 /* Frameworks */,
				E3851EF22AFD0F0B00893C13 /* Resources */,
			);
			buildRules = (
			);
			dependencies = (
				E3851EF62AFD0F0B00893C13 /* PBXTargetDependency */,
			);
			name = MealyUITests;
			productName = MealyUITests;
			productReference = E3851EF42AFD0F0B00893C13 /* MealyUITests.xctest */;
			productType = "com.apple.product-type.bundle.ui-testing";
		};
/* End PBXNativeTarget section */

/* Begin PBXProject section */
		E3851ED22AFD0F0900893C13 /* Project object */ = {
			isa = PBXProject;
			attributes = {
				BuildIndependentTargetsInParallel = 1;
				LastSwiftUpdateCheck = 1430;
				LastUpgradeCheck = 1430;
				TargetAttributes = {
					E3851ED92AFD0F0900893C13 = {
						CreatedOnToolsVersion = 14.3;
					};
					E3851EE92AFD0F0B00893C13 = {
						CreatedOnToolsVersion = 14.3;
						TestTargetID = E3851ED92AFD0F0900893C13;
					};
					E3851EF32AFD0F0B00893C13 = {
						CreatedOnToolsVersion = 14.3;
						TestTargetID = E3851ED92AFD0F0900893C13;
					};
				};
			};
			buildConfigurationList = E3851ED52AFD0F0900893C13 /* Build configuration list for PBXProject "Mealy" */;
			compatibilityVersion = "Xcode 14.0";
			developmentRegion = en;
			hasScannedForEncodings = 0;
			knownRegions = (
				en,
				Base,
			);
			mainGroup = E3851ED12AFD0F0900893C13;
			packageReferences = (
				E30912672AFE929500019437 /* XCRemoteSwiftPackageReference "Alamofire" */,
			);
			productRefGroup = E3851EDB2AFD0F0900893C13 /* Products */;
			projectDirPath = "";
			projectRoot = "";
			targets = (
				E3851ED92AFD0F0900893C13 /* Mealy */,
				E3851EE92AFD0F0B00893C13 /* MealyTests */,
				E3851EF32AFD0F0B00893C13 /* MealyUITests */,
			);
		};
/* End PBXProject section */

/* Begin PBXResourcesBuildPhase section */
		E3851ED82AFD0F0900893C13 /* Resources */ = {
			isa = PBXResourcesBuildPhase;
			buildActionMask = 2147483647;
			files = (
				E3851EE52AFD0F0B00893C13 /* Preview Assets.xcassets in Resources */,
				E3851EE22AFD0F0B00893C13 /* Assets.xcassets in Resources */,
			);
			runOnlyForDeploymentPostprocessing = 0;
		};
		E3851EE82AFD0F0B00893C13 /* Resources */ = {
			isa = PBXResourcesBuildPhase;
			buildActionMask = 2147483647;
			files = (
			);
			runOnlyForDeploymentPostprocessing = 0;
		};
		E3851EF22AFD0F0B00893C13 /* Resources */ = {
			isa = PBXResourcesBuildPhase;
			buildActionMask = 2147483647;
			files = (
			);
			runOnlyForDeploymentPostprocessing = 0;
		};
/* End PBXResourcesBuildPhase section */

/* Begin PBXSourcesBuildPhase section */
		E3851ED62AFD0F0900893C13 /* Sources */ = {
			isa = PBXSourcesBuildPhase;
			buildActionMask = 2147483647;
			files = (
				E30912662AFE920E00019437 /* Endpoint.swift in Sources */,
				E3851F0E2AFD175D00893C13 /* AuthViewModel.swift in Sources */,
				E34653D32AFD289600C4AC3C /* KeychainLocalStorage.swift in Sources */,
				E3851F0C2AFD119300893C13 /* AuthView.swift in Sources */,
				E3851F142AFD20B500893C13 /* AuthModel.swift in Sources */,
				E30912612AFE90EA00019437 /* Meal.swift in Sources */,
				E3851F122AFD1F1500893C13 /* LocalStorage.swift in Sources */,
				E34653DF2AFDB84400C4AC3C /* String+Base64.swift in Sources */,
				E34653E12AFDB95700C4AC3C /* AuthError.swift in Sources */,
				E3851F102AFD1D6C00893C13 /* AuthUseCase.swift in Sources */,
				E3851EDE2AFD0F0900893C13 /* MealyApp.swift in Sources */,
				E309125F2AFE903A00019437 /* MealUseCase.swift in Sources */,
				E30912642AFE918800019437 /* NetworkService.swift in Sources */,
				E309125D2AFE8CD900019437 /* MealView.swift in Sources */,
			);
			runOnlyForDeploymentPostprocessing = 0;
		};
		E3851EE62AFD0F0B00893C13 /* Sources */ = {
			isa = PBXSourcesBuildPhase;
			buildActionMask = 2147483647;
			files = (
				E3851EEF2AFD0F0B00893C13 /* MealyTests.swift in Sources */,
			);
			runOnlyForDeploymentPostprocessing = 0;
		};
		E3851EF02AFD0F0B00893C13 /* Sources */ = {
			isa = PBXSourcesBuildPhase;
			buildActionMask = 2147483647;
			files = (
				E3851EF92AFD0F0B00893C13 /* MealyUITests.swift in Sources */,
				E3851EFB2AFD0F0B00893C13 /* MealyUITestsLaunchTests.swift in Sources */,
			);
			runOnlyForDeploymentPostprocessing = 0;
		};
/* End PBXSourcesBuildPhase section */

/* Begin PBXTargetDependency section */
		E3851EEC2AFD0F0B00893C13 /* PBXTargetDependency */ = {
			isa = PBXTargetDependency;
			target = E3851ED92AFD0F0900893C13 /* Mealy */;
			targetProxy = E3851EEB2AFD0F0B00893C13 /* PBXContainerItemProxy */;
		};
		E3851EF62AFD0F0B00893C13 /* PBXTargetDependency */ = {
			isa = PBXTargetDependency;
			target = E3851ED92AFD0F0900893C13 /* Mealy */;
			targetProxy = E3851EF52AFD0F0B00893C13 /* PBXContainerItemProxy */;
		};
/* End PBXTargetDependency section */

/* Begin XCBuildConfiguration section */
		E3851EFC2AFD0F0B00893C13 /* Debug */ = {
			isa = XCBuildConfiguration;
			buildSettings = {
				ALWAYS_SEARCH_USER_PATHS = NO;
				CLANG_ANALYZER_NONNULL = YES;
				CLANG_ANALYZER_NUMBER_OBJECT_CONVERSION = YES_AGGRESSIVE;
				CLANG_CXX_LANGUAGE_STANDARD = "gnu++20";
				CLANG_ENABLE_MODULES = YES;
				CLANG_ENABLE_OBJC_ARC = YES;
				CLANG_ENABLE_OBJC_WEAK = YES;
				CLANG_WARN_BLOCK_CAPTURE_AUTORELEASING = YES;
				CLANG_WARN_BOOL_CONVERSION = YES;
				CLANG_WARN_COMMA = YES;
				CLANG_WARN_CONSTANT_CONVERSION = YES;
				CLANG_WARN_DEPRECATED_OBJC_IMPLEMENTATIONS = YES;
				CLANG_WARN_DIRECT_OBJC_ISA_USAGE = YES_ERROR;
				CLANG_WARN_DOCUMENTATION_COMMENTS = YES;
				CLANG_WARN_EMPTY_BODY = YES;
				CLANG_WARN_ENUM_CONVERSION = YES;
				CLANG_WARN_INFINITE_RECURSION = YES;
				CLANG_WARN_INT_CONVERSION = YES;
				CLANG_WARN_NON_LITERAL_NULL_CONVERSION = YES;
				CLANG_WARN_OBJC_IMPLICIT_RETAIN_SELF = YES;
				CLANG_WARN_OBJC_LITERAL_CONVERSION = YES;
				CLANG_WARN_OBJC_ROOT_CLASS = YES_ERROR;
				CLANG_WARN_QUOTED_INCLUDE_IN_FRAMEWORK_HEADER = YES;
				CLANG_WARN_RANGE_LOOP_ANALYSIS = YES;
				CLANG_WARN_STRICT_PROTOTYPES = YES;
				CLANG_WARN_SUSPICIOUS_MOVE = YES;
				CLANG_WARN_UNGUARDED_AVAILABILITY = YES_AGGRESSIVE;
				CLANG_WARN_UNREACHABLE_CODE = YES;
				CLANG_WARN__DUPLICATE_METHOD_MATCH = YES;
				COPY_PHASE_STRIP = NO;
				DEBUG_INFORMATION_FORMAT = dwarf;
				ENABLE_STRICT_OBJC_MSGSEND = YES;
				ENABLE_TESTABILITY = YES;
				GCC_C_LANGUAGE_STANDARD = gnu11;
				GCC_DYNAMIC_NO_PIC = NO;
				GCC_NO_COMMON_BLOCKS = YES;
				GCC_OPTIMIZATION_LEVEL = 0;
				GCC_PREPROCESSOR_DEFINITIONS = (
					"DEBUG=1",
					"$(inherited)",
				);
				GCC_WARN_64_TO_32_BIT_CONVERSION = YES;
				GCC_WARN_ABOUT_RETURN_TYPE = YES_ERROR;
				GCC_WARN_UNDECLARED_SELECTOR = YES;
				GCC_WARN_UNINITIALIZED_AUTOS = YES_AGGRESSIVE;
				GCC_WARN_UNUSED_FUNCTION = YES;
				GCC_WARN_UNUSED_VARIABLE = YES;
				IPHONEOS_DEPLOYMENT_TARGET = 16.4;
				MTL_ENABLE_DEBUG_INFO = INCLUDE_SOURCE;
				MTL_FAST_MATH = YES;
				ONLY_ACTIVE_ARCH = YES;
				SDKROOT = iphoneos;
				SWIFT_ACTIVE_COMPILATION_CONDITIONS = DEBUG;
				SWIFT_OPTIMIZATION_LEVEL = "-Onone";
			};
			name = Debug;
		};
		E3851EFD2AFD0F0B00893C13 /* Release */ = {
			isa = XCBuildConfiguration;
			buildSettings = {
				ALWAYS_SEARCH_USER_PATHS = NO;
				CLANG_ANALYZER_NONNULL = YES;
				CLANG_ANALYZER_NUMBER_OBJECT_CONVERSION = YES_AGGRESSIVE;
				CLANG_CXX_LANGUAGE_STANDARD = "gnu++20";
				CLANG_ENABLE_MODULES = YES;
				CLANG_ENABLE_OBJC_ARC = YES;
				CLANG_ENABLE_OBJC_WEAK = YES;
				CLANG_WARN_BLOCK_CAPTURE_AUTORELEASING = YES;
				CLANG_WARN_BOOL_CONVERSION = YES;
				CLANG_WARN_COMMA = YES;
				CLANG_WARN_CONSTANT_CONVERSION = YES;
				CLANG_WARN_DEPRECATED_OBJC_IMPLEMENTATIONS = YES;
				CLANG_WARN_DIRECT_OBJC_ISA_USAGE = YES_ERROR;
				CLANG_WARN_DOCUMENTATION_COMMENTS = YES;
				CLANG_WARN_EMPTY_BODY = YES;
				CLANG_WARN_ENUM_CONVERSION = YES;
				CLANG_WARN_INFINITE_RECURSION = YES;
				CLANG_WARN_INT_CONVERSION = YES;
				CLANG_WARN_NON_LITERAL_NULL_CONVERSION = YES;
				CLANG_WARN_OBJC_IMPLICIT_RETAIN_SELF = YES;
				CLANG_WARN_OBJC_LITERAL_CONVERSION = YES;
				CLANG_WARN_OBJC_ROOT_CLASS = YES_ERROR;
				CLANG_WARN_QUOTED_INCLUDE_IN_FRAMEWORK_HEADER = YES;
				CLANG_WARN_RANGE_LOOP_ANALYSIS = YES;
				CLANG_WARN_STRICT_PROTOTYPES = YES;
				CLANG_WARN_SUSPICIOUS_MOVE = YES;
				CLANG_WARN_UNGUARDED_AVAILABILITY = YES_AGGRESSIVE;
				CLANG_WARN_UNREACHABLE_CODE = YES;
				CLANG_WARN__DUPLICATE_METHOD_MATCH = YES;
				COPY_PHASE_STRIP = NO;
				DEBUG_INFORMATION_FORMAT = "dwarf-with-dsym";
				ENABLE_NS_ASSERTIONS = NO;
				ENABLE_STRICT_OBJC_MSGSEND = YES;
				GCC_C_LANGUAGE_STANDARD = gnu11;
				GCC_NO_COMMON_BLOCKS = YES;
				GCC_WARN_64_TO_32_BIT_CONVERSION = YES;
				GCC_WARN_ABOUT_RETURN_TYPE = YES_ERROR;
				GCC_WARN_UNDECLARED_SELECTOR = YES;
				GCC_WARN_UNINITIALIZED_AUTOS = YES_AGGRESSIVE;
				GCC_WARN_UNUSED_FUNCTION = YES;
				GCC_WARN_UNUSED_VARIABLE = YES;
				IPHONEOS_DEPLOYMENT_TARGET = 16.4;
				MTL_ENABLE_DEBUG_INFO = NO;
				MTL_FAST_MATH = YES;
				SDKROOT = iphoneos;
				SWIFT_COMPILATION_MODE = wholemodule;
				SWIFT_OPTIMIZATION_LEVEL = "-O";
				VALIDATE_PRODUCT = YES;
			};
			name = Release;
		};
		E3851EFF2AFD0F0B00893C13 /* Debug */ = {
			isa = XCBuildConfiguration;
			buildSettings = {
				ASSETCATALOG_COMPILER_APPICON_NAME = AppIcon;
				ASSETCATALOG_COMPILER_GLOBAL_ACCENT_COLOR_NAME = AccentColor;
				CODE_SIGN_STYLE = Automatic;
				CURRENT_PROJECT_VERSION = 1;
				DEVELOPMENT_ASSET_PATHS = "\"Mealy/SupportingFiles/Preview Content\"";
				ENABLE_PREVIEWS = YES;
				GENERATE_INFOPLIST_FILE = YES;
				INFOPLIST_KEY_UIApplicationSceneManifest_Generation = YES;
				INFOPLIST_KEY_UIApplicationSupportsIndirectInputEvents = YES;
				INFOPLIST_KEY_UILaunchScreen_Generation = YES;
				INFOPLIST_KEY_UISupportedInterfaceOrientations_iPad = "UIInterfaceOrientationPortrait UIInterfaceOrientationPortraitUpsideDown UIInterfaceOrientationLandscapeLeft UIInterfaceOrientationLandscapeRight";
				INFOPLIST_KEY_UISupportedInterfaceOrientations_iPhone = "UIInterfaceOrientationPortrait UIInterfaceOrientationLandscapeLeft UIInterfaceOrientationLandscapeRight";
				LD_RUNPATH_SEARCH_PATHS = (
					"$(inherited)",
					"@executable_path/Frameworks",
				);
				MARKETING_VERSION = 1.0;
				PRODUCT_BUNDLE_IDENTIFIER = com.bryankhufa.Mealy;
				PRODUCT_NAME = "$(TARGET_NAME)";
				SWIFT_EMIT_LOC_STRINGS = YES;
				SWIFT_VERSION = 5.0;
				TARGETED_DEVICE_FAMILY = "1,2";
			};
			name = Debug;
		};
		E3851F002AFD0F0B00893C13 /* Release */ = {
			isa = XCBuildConfiguration;
			buildSettings = {
				ASSETCATALOG_COMPILER_APPICON_NAME = AppIcon;
				ASSETCATALOG_COMPILER_GLOBAL_ACCENT_COLOR_NAME = AccentColor;
				CODE_SIGN_STYLE = Automatic;
				CURRENT_PROJECT_VERSION = 1;
				DEVELOPMENT_ASSET_PATHS = "\"Mealy/SupportingFiles/Preview Content\"";
				ENABLE_PREVIEWS = YES;
				GENERATE_INFOPLIST_FILE = YES;
				INFOPLIST_KEY_UIApplicationSceneManifest_Generation = YES;
				INFOPLIST_KEY_UIApplicationSupportsIndirectInputEvents = YES;
				INFOPLIST_KEY_UILaunchScreen_Generation = YES;
				INFOPLIST_KEY_UISupportedInterfaceOrientations_iPad = "UIInterfaceOrientationPortrait UIInterfaceOrientationPortraitUpsideDown UIInterfaceOrientationLandscapeLeft UIInterfaceOrientationLandscapeRight";
				INFOPLIST_KEY_UISupportedInterfaceOrientations_iPhone = "UIInterfaceOrientationPortrait UIInterfaceOrientationLandscapeLeft UIInterfaceOrientationLandscapeRight";
				LD_RUNPATH_SEARCH_PATHS = (
					"$(inherited)",
					"@executable_path/Frameworks",
				);
				MARKETING_VERSION = 1.0;
				PRODUCT_BUNDLE_IDENTIFIER = com.bryankhufa.Mealy;
				PRODUCT_NAME = "$(TARGET_NAME)";
				SWIFT_EMIT_LOC_STRINGS = YES;
				SWIFT_VERSION = 5.0;
				TARGETED_DEVICE_FAMILY = "1,2";
			};
			name = Release;
		};
		E3851F022AFD0F0B00893C13 /* Debug */ = {
			isa = XCBuildConfiguration;
			buildSettings = {
				ALWAYS_EMBED_SWIFT_STANDARD_LIBRARIES = YES;
				BUNDLE_LOADER = "$(TEST_HOST)";
				CODE_SIGN_STYLE = Automatic;
				CURRENT_PROJECT_VERSION = 1;
				GENERATE_INFOPLIST_FILE = YES;
				IPHONEOS_DEPLOYMENT_TARGET = 16.4;
				MARKETING_VERSION = 1.0;
				PRODUCT_BUNDLE_IDENTIFIER = com.bryankhufa.MealyTests;
				PRODUCT_NAME = "$(TARGET_NAME)";
				SWIFT_EMIT_LOC_STRINGS = NO;
				SWIFT_VERSION = 5.0;
				TARGETED_DEVICE_FAMILY = "1,2";
				TEST_HOST = "$(BUILT_PRODUCTS_DIR)/Mealy.app/$(BUNDLE_EXECUTABLE_FOLDER_PATH)/Mealy";
			};
			name = Debug;
		};
		E3851F032AFD0F0B00893C13 /* Release */ = {
			isa = XCBuildConfiguration;
			buildSettings = {
				ALWAYS_EMBED_SWIFT_STANDARD_LIBRARIES = YES;
				BUNDLE_LOADER = "$(TEST_HOST)";
				CODE_SIGN_STYLE = Automatic;
				CURRENT_PROJECT_VERSION = 1;
				GENERATE_INFOPLIST_FILE = YES;
				IPHONEOS_DEPLOYMENT_TARGET = 16.4;
				MARKETING_VERSION = 1.0;
				PRODUCT_BUNDLE_IDENTIFIER = com.bryankhufa.MealyTests;
				PRODUCT_NAME = "$(TARGET_NAME)";
				SWIFT_EMIT_LOC_STRINGS = NO;
				SWIFT_VERSION = 5.0;
				TARGETED_DEVICE_FAMILY = "1,2";
				TEST_HOST = "$(BUILT_PRODUCTS_DIR)/Mealy.app/$(BUNDLE_EXECUTABLE_FOLDER_PATH)/Mealy";
			};
			name = Release;
		};
		E3851F052AFD0F0B00893C13 /* Debug */ = {
			isa = XCBuildConfiguration;
			buildSettings = {
				ALWAYS_EMBED_SWIFT_STANDARD_LIBRARIES = YES;
				CODE_SIGN_STYLE = Automatic;
				CURRENT_PROJECT_VERSION = 1;
				GENERATE_INFOPLIST_FILE = YES;
				MARKETING_VERSION = 1.0;
				PRODUCT_BUNDLE_IDENTIFIER = com.bryankhufa.MealyUITests;
				PRODUCT_NAME = "$(TARGET_NAME)";
				SWIFT_EMIT_LOC_STRINGS = NO;
				SWIFT_VERSION = 5.0;
				TARGETED_DEVICE_FAMILY = "1,2";
				TEST_TARGET_NAME = Mealy;
			};
			name = Debug;
		};
		E3851F062AFD0F0B00893C13 /* Release */ = {
			isa = XCBuildConfiguration;
			buildSettings = {
				ALWAYS_EMBED_SWIFT_STANDARD_LIBRARIES = YES;
				CODE_SIGN_STYLE = Automatic;
				CURRENT_PROJECT_VERSION = 1;
				GENERATE_INFOPLIST_FILE = YES;
				MARKETING_VERSION = 1.0;
				PRODUCT_BUNDLE_IDENTIFIER = com.bryankhufa.MealyUITests;
				PRODUCT_NAME = "$(TARGET_NAME)";
				SWIFT_EMIT_LOC_STRINGS = NO;
				SWIFT_VERSION = 5.0;
				TARGETED_DEVICE_FAMILY = "1,2";
				TEST_TARGET_NAME = Mealy;
			};
			name = Release;
		};
/* End XCBuildConfiguration section */

/* Begin XCConfigurationList section */
		E3851ED52AFD0F0900893C13 /* Build configuration list for PBXProject "Mealy" */ = {
			isa = XCConfigurationList;
			buildConfigurations = (
				E3851EFC2AFD0F0B00893C13 /* Debug */,
				E3851EFD2AFD0F0B00893C13 /* Release */,
			);
			defaultConfigurationIsVisible = 0;
			defaultConfigurationName = Release;
		};
		E3851EFE2AFD0F0B00893C13 /* Build configuration list for PBXNativeTarget "Mealy" */ = {
			isa = XCConfigurationList;
			buildConfigurations = (
				E3851EFF2AFD0F0B00893C13 /* Debug */,
				E3851F002AFD0F0B00893C13 /* Release */,
			);
			defaultConfigurationIsVisible = 0;
			defaultConfigurationName = Release;
		};
		E3851F012AFD0F0B00893C13 /* Build configuration list for PBXNativeTarget "MealyTests" */ = {
			isa = XCConfigurationList;
			buildConfigurations = (
				E3851F022AFD0F0B00893C13 /* Debug */,
				E3851F032AFD0F0B00893C13 /* Release */,
			);
			defaultConfigurationIsVisible = 0;
			defaultConfigurationName = Release;
		};
		E3851F042AFD0F0B00893C13 /* Build configuration list for PBXNativeTarget "MealyUITests" */ = {
			isa = XCConfigurationList;
			buildConfigurations = (
				E3851F052AFD0F0B00893C13 /* Debug */,
				E3851F062AFD0F0B00893C13 /* Release */,
			);
			defaultConfigurationIsVisible = 0;
			defaultConfigurationName = Release;
		};
/* End XCConfigurationList section */

/* Begin XCRemoteSwiftPackageReference section */
		E30912672AFE929500019437 /* XCRemoteSwiftPackageReference "Alamofire" */ = {
			isa = XCRemoteSwiftPackageReference;
			repositoryURL = "https://github.com/Alamofire/Alamofire";
			requirement = {
				kind = upToNextMajorVersion;
				minimumVersion = 5.0.0;
			};
		};
/* End XCRemoteSwiftPackageReference section */

/* Begin XCSwiftPackageProductDependency section */
		E30912682AFE929500019437 /* Alamofire */ = {
			isa = XCSwiftPackageProductDependency;
			package = E30912672AFE929500019437 /* XCRemoteSwiftPackageReference "Alamofire" */;
			productName = Alamofire;
		};
/* End XCSwiftPackageProductDependency section */
	};
	rootObject = E3851ED22AFD0F0900893C13 /* Project object */;
}
